
Microsoft Visual Studio Solution File, Format Version 12.00
# Visual Studio Version 17
VisualStudioVersion = 17.13.35825.156
MinimumVisualStudioVersion = 10.0.40219.1
Project("{8BC9CEB8-8B4A-11D0-8D11-00A0C91BC942}") = "Home-Works", "Home-Works\Home-Works.vcxproj", "{1C96BEE3-B4FC-4172-AD6F-557219E84F88}"
EndProject
Project("{8BC9CEB8-8B4A-11D0-8D11-00A0C91BC942}") = "Factorial", "Factorial\Factorial.vcxproj", "{73A75819-B571-40A2-876E-D17FD39F004C}"
EndProject
Project("{8BC9CEB8-8B4A-11D0-8D11-00A0C91BC942}") = "Fibbonch", "Fibbonch\Fibbonch.vcxproj", "{C0F931AD-7C41-4DDA-A587-67A2CAC80B4A}"
EndProject
Project("{8BC9CEB8-8B4A-11D0-8D11-00A0C91BC942}") = "number in steps", "number in steps\number in steps.vcxproj", "{7F6E9B8F-E60D-42B6-8C38-40D0C1D676FB}"
EndProject
Project("{8BC9CEB8-8B4A-11D0-8D11-00A0C91BC942}") = "Shooter", "Shooter\Shooter.vcxproj", "{3EB0E6E0-0561-4D12-9A81-FF46E0FF1300}"
EndProject
Project("{8BC9CEB8-8B4A-11D0-8D11-00A0C91BC942}") = "Story-winter", "Story-winter\Story-winter.vcxproj", "{BF62F58E-1FF6-43AA-A3D6-1C553F213A3E}"
EndProject
Project("{8BC9CEB8-8B4A-11D0-8D11-00A0C91BC942}") = "Delimiter", "Delimiter\Delimiter.vcxproj", "{D3AABCB3-D173-4916-ABE1-DCDC5EE5EF02}"
EndProject
Project("{8BC9CEB8-8B4A-11D0-8D11-00A0C91BC942}") = "Cube", "Cube\Cube.vcxproj", "{6D6264FE-9A87-4BC0-8D51-DF81EEAFB3CF}"
EndProject
Project("{8BC9CEB8-8B4A-11D0-8D11-00A0C91BC942}") = "Triagle(1 4)", "Triagle(1 4)\Triagle(1 4).vcxproj", "{6CB7431D-CB3F-4175-8EF5-8137B2180A6E}"
EndProject
Project("{8BC9CEB8-8B4A-11D0-8D11-00A0C91BC942}") = "Triagle (2 4)", "Triagle (2 4)\Triagle (2 4).vcxproj", "{D175700A-5F47-4741-BF64-7CA0CFFB6069}"
EndProject
Project("{8BC9CEB8-8B4A-11D0-8D11-00A0C91BC942}") = "Triagle(3 4)", "Triagle(3 4)\Triagle(3 4).vcxproj", "{16A940C4-A080-4273-AC73-D472F225CFCD}"
EndProject
Project("{8BC9CEB8-8B4A-11D0-8D11-00A0C91BC942}") = "Triagle(4 4)", "Triagle(4 4)\Triagle(4 4).vcxproj", "{D52F2DA8-A408-4900-81D0-3BA23DF2CDB6}"
EndProject
Project("{8BC9CEB8-8B4A-11D0-8D11-00A0C91BC942}") = "ROB", "ROB\ROB.vcxproj", "{65C2A9CE-E9F6-483A-8A43-19B6F6DACEF5}"
EndProject
Project("{8BC9CEB8-8B4A-11D0-8D11-00A0C91BC942}") = "UnigueRand", "UnigueRand\UnigueRand.vcxproj", "{661576BA-CEFE-4CC1-88BE-E2C8EDD20857}"
EndProject
Project("{8BC9CEB8-8B4A-11D0-8D11-00A0C91BC942}") = "Shifts(left)", "Shifts(left)\Shifts(left).vcxproj", "{2981702E-0DCC-46FE-BBFD-3C96CBE77A62}"
EndProject
Project("{8BC9CEB8-8B4A-11D0-8D11-00A0C91BC942}") = "Numerics", "Numerics\Numerics.vcxproj", "{614C882E-3C3E-430C-BB5B-8D3D42A1E5A8}"
EndProject
Project("{8BC9CEB8-8B4A-11D0-8D11-00A0C91BC942}") = "Shifts(right)", "Shifts(right)\Shifts(right).vcxproj", "{6FE186AB-D9EC-42C3-AF50-5958B08ED9F6}"
EndProject
Project("{8BC9CEB8-8B4A-11D0-8D11-00A0C91BC942}") = "Hexademical", "Hexademical\Hexademical.vcxproj", "{09C84488-546A-44C8-85A0-9BF15DE8F476}"
EndProject
Project("{8BC9CEB8-8B4A-11D0-8D11-00A0C91BC942}") = "Sorting-an-array", "Sorting-an-array\Sorting-an-array.vcxproj", "{B649D504-E33B-491F-A28D-8451C6BE8CE5}"
EndProject
Project("{8BC9CEB8-8B4A-11D0-8D11-00A0C91BC942}") = "Rand-Arrays-4x5", "Rand-Arrays-4x5\Rand-Arrays-4x5.vcxproj", "{798FE02C-5012-4885-8E39-F7F49BC96FC9}"
EndProject
Project("{8BC9CEB8-8B4A-11D0-8D11-00A0C91BC942}") = "Arrays_Left_or_Right", "Arrays_Left_or_Right\Arrays_Left_or_Right.vcxproj", "{69AC2A3D-3E81-4FCA-80AF-FBF060A52885}"
EndProject
Project("{8BC9CEB8-8B4A-11D0-8D11-00A0C91BC942}") = "Function-num.-step", "Function-num.-step\Function-num.-step.vcxproj", "{4BFBC8F1-CF0A-44AB-87E6-C78642BB5E7E}"
EndProject
Project("{8BC9CEB8-8B4A-11D0-8D11-00A0C91BC942}") = "Function-factorial", "Function-factorial\Function-factorial.vcxproj", "{304E3A7E-D9DD-4A35-ABBD-CF37166EF779}"
EndProject
Project("{8BC9CEB8-8B4A-11D0-8D11-00A0C91BC942}") = "Function_arrays_min_or_max", "Function_arrays_min_or_max\Function_arrays_min_or_max.vcxproj", "{6D6708B4-0EE4-4DE0-9D84-6695C415BFBE}"
EndProject
Project("{8BC9CEB8-8B4A-11D0-8D11-00A0C91BC942}") = "Double_FillRand;", "Double_FillRand;\Double_FillRand;.vcxproj", "{3154BF06-8C2A-4556-AEDA-B2E4E1101B16}"
EndProject
Global
	GlobalSection(SolutionConfigurationPlatforms) = preSolution
		Debug|x64 = Debug|x64
		Debug|x86 = Debug|x86
		Release|x64 = Release|x64
		Release|x86 = Release|x86
	EndGlobalSection
	GlobalSection(ProjectConfigurationPlatforms) = postSolution
		{1C96BEE3-B4FC-4172-AD6F-557219E84F88}.Debug|x64.ActiveCfg = Debug|x64
		{1C96BEE3-B4FC-4172-AD6F-557219E84F88}.Debug|x64.Build.0 = Debug|x64
		{1C96BEE3-B4FC-4172-AD6F-557219E84F88}.Debug|x86.ActiveCfg = Debug|Win32
		{1C96BEE3-B4FC-4172-AD6F-557219E84F88}.Debug|x86.Build.0 = Debug|Win32
		{1C96BEE3-B4FC-4172-AD6F-557219E84F88}.Release|x64.ActiveCfg = Release|x64
		{1C96BEE3-B4FC-4172-AD6F-557219E84F88}.Release|x64.Build.0 = Release|x64
		{1C96BEE3-B4FC-4172-AD6F-557219E84F88}.Release|x86.ActiveCfg = Release|Win32
		{1C96BEE3-B4FC-4172-AD6F-557219E84F88}.Release|x86.Build.0 = Release|Win32
		{73A75819-B571-40A2-876E-D17FD39F004C}.Debug|x64.ActiveCfg = Debug|x64
		{73A75819-B571-40A2-876E-D17FD39F004C}.Debug|x64.Build.0 = Debug|x64
		{73A75819-B571-40A2-876E-D17FD39F004C}.Debug|x86.ActiveCfg = Debug|Win32
		{73A75819-B571-40A2-876E-D17FD39F004C}.Debug|x86.Build.0 = Debug|Win32
		{73A75819-B571-40A2-876E-D17FD39F004C}.Release|x64.ActiveCfg = Release|x64
		{73A75819-B571-40A2-876E-D17FD39F004C}.Release|x64.Build.0 = Release|x64
		{73A75819-B571-40A2-876E-D17FD39F004C}.Release|x86.ActiveCfg = Release|Win32
		{73A75819-B571-40A2-876E-D17FD39F004C}.Release|x86.Build.0 = Release|Win32
		{C0F931AD-7C41-4DDA-A587-67A2CAC80B4A}.Debug|x64.ActiveCfg = Debug|x64
		{C0F931AD-7C41-4DDA-A587-67A2CAC80B4A}.Debug|x64.Build.0 = Debug|x64
		{C0F931AD-7C41-4DDA-A587-67A2CAC80B4A}.Debug|x86.ActiveCfg = Debug|Win32
		{C0F931AD-7C41-4DDA-A587-67A2CAC80B4A}.Debug|x86.Build.0 = Debug|Win32
		{C0F931AD-7C41-4DDA-A587-67A2CAC80B4A}.Release|x64.ActiveCfg = Release|x64
		{C0F931AD-7C41-4DDA-A587-67A2CAC80B4A}.Release|x64.Build.0 = Release|x64
		{C0F931AD-7C41-4DDA-A587-67A2CAC80B4A}.Release|x86.ActiveCfg = Release|Win32
		{C0F931AD-7C41-4DDA-A587-67A2CAC80B4A}.Release|x86.Build.0 = Release|Win32
		{7F6E9B8F-E60D-42B6-8C38-40D0C1D676FB}.Debug|x64.ActiveCfg = Debug|x64
		{7F6E9B8F-E60D-42B6-8C38-40D0C1D676FB}.Debug|x64.Build.0 = Debug|x64
		{7F6E9B8F-E60D-42B6-8C38-40D0C1D676FB}.Debug|x86.ActiveCfg = Debug|Win32
		{7F6E9B8F-E60D-42B6-8C38-40D0C1D676FB}.Debug|x86.Build.0 = Debug|Win32
		{7F6E9B8F-E60D-42B6-8C38-40D0C1D676FB}.Release|x64.ActiveCfg = Release|x64
		{7F6E9B8F-E60D-42B6-8C38-40D0C1D676FB}.Release|x64.Build.0 = Release|x64
		{7F6E9B8F-E60D-42B6-8C38-40D0C1D676FB}.Release|x86.ActiveCfg = Release|Win32
		{7F6E9B8F-E60D-42B6-8C38-40D0C1D676FB}.Release|x86.Build.0 = Release|Win32
		{3EB0E6E0-0561-4D12-9A81-FF46E0FF1300}.Debug|x64.ActiveCfg = Debug|x64
		{3EB0E6E0-0561-4D12-9A81-FF46E0FF1300}.Debug|x64.Build.0 = Debug|x64
		{3EB0E6E0-0561-4D12-9A81-FF46E0FF1300}.Debug|x86.ActiveCfg = Debug|Win32
		{3EB0E6E0-0561-4D12-9A81-FF46E0FF1300}.Debug|x86.Build.0 = Debug|Win32
		{3EB0E6E0-0561-4D12-9A81-FF46E0FF1300}.Release|x64.ActiveCfg = Release|x64
		{3EB0E6E0-0561-4D12-9A81-FF46E0FF1300}.Release|x64.Build.0 = Release|x64
		{3EB0E6E0-0561-4D12-9A81-FF46E0FF1300}.Release|x86.ActiveCfg = Release|Win32
		{3EB0E6E0-0561-4D12-9A81-FF46E0FF1300}.Release|x86.Build.0 = Release|Win32
		{BF62F58E-1FF6-43AA-A3D6-1C553F213A3E}.Debug|x64.ActiveCfg = Debug|x64
		{BF62F58E-1FF6-43AA-A3D6-1C553F213A3E}.Debug|x64.Build.0 = Debug|x64
		{BF62F58E-1FF6-43AA-A3D6-1C553F213A3E}.Debug|x86.ActiveCfg = Debug|Win32
		{BF62F58E-1FF6-43AA-A3D6-1C553F213A3E}.Debug|x86.Build.0 = Debug|Win32
		{BF62F58E-1FF6-43AA-A3D6-1C553F213A3E}.Release|x64.ActiveCfg = Release|x64
		{BF62F58E-1FF6-43AA-A3D6-1C553F213A3E}.Release|x64.Build.0 = Release|x64
		{BF62F58E-1FF6-43AA-A3D6-1C553F213A3E}.Release|x86.ActiveCfg = Release|Win32
		{BF62F58E-1FF6-43AA-A3D6-1C553F213A3E}.Release|x86.Build.0 = Release|Win32
		{D3AABCB3-D173-4916-ABE1-DCDC5EE5EF02}.Debug|x64.ActiveCfg = Debug|x64
		{D3AABCB3-D173-4916-ABE1-DCDC5EE5EF02}.Debug|x64.Build.0 = Debug|x64
		{D3AABCB3-D173-4916-ABE1-DCDC5EE5EF02}.Debug|x86.ActiveCfg = Debug|Win32
		{D3AABCB3-D173-4916-ABE1-DCDC5EE5EF02}.Debug|x86.Build.0 = Debug|Win32
		{D3AABCB3-D173-4916-ABE1-DCDC5EE5EF02}.Release|x64.ActiveCfg = Release|x64
		{D3AABCB3-D173-4916-ABE1-DCDC5EE5EF02}.Release|x64.Build.0 = Release|x64
		{D3AABCB3-D173-4916-ABE1-DCDC5EE5EF02}.Release|x86.ActiveCfg = Release|Win32
		{D3AABCB3-D173-4916-ABE1-DCDC5EE5EF02}.Release|x86.Build.0 = Release|Win32
		{6D6264FE-9A87-4BC0-8D51-DF81EEAFB3CF}.Debug|x64.ActiveCfg = Debug|x64
		{6D6264FE-9A87-4BC0-8D51-DF81EEAFB3CF}.Debug|x64.Build.0 = Debug|x64
		{6D6264FE-9A87-4BC0-8D51-DF81EEAFB3CF}.Debug|x86.ActiveCfg = Debug|Win32
		{6D6264FE-9A87-4BC0-8D51-DF81EEAFB3CF}.Debug|x86.Build.0 = Debug|Win32
		{6D6264FE-9A87-4BC0-8D51-DF81EEAFB3CF}.Release|x64.ActiveCfg = Release|x64
		{6D6264FE-9A87-4BC0-8D51-DF81EEAFB3CF}.Release|x64.Build.0 = Release|x64
		{6D6264FE-9A87-4BC0-8D51-DF81EEAFB3CF}.Release|x86.ActiveCfg = Release|Win32
		{6D6264FE-9A87-4BC0-8D51-DF81EEAFB3CF}.Release|x86.Build.0 = Release|Win32
		{6CB7431D-CB3F-4175-8EF5-8137B2180A6E}.Debug|x64.ActiveCfg = Debug|x64
		{6CB7431D-CB3F-4175-8EF5-8137B2180A6E}.Debug|x64.Build.0 = Debug|x64
		{6CB7431D-CB3F-4175-8EF5-8137B2180A6E}.Debug|x86.ActiveCfg = Debug|Win32
		{6CB7431D-CB3F-4175-8EF5-8137B2180A6E}.Debug|x86.Build.0 = Debug|Win32
		{6CB7431D-CB3F-4175-8EF5-8137B2180A6E}.Release|x64.ActiveCfg = Release|x64
		{6CB7431D-CB3F-4175-8EF5-8137B2180A6E}.Release|x64.Build.0 = Release|x64
		{6CB7431D-CB3F-4175-8EF5-8137B2180A6E}.Release|x86.ActiveCfg = Release|Win32
		{6CB7431D-CB3F-4175-8EF5-8137B2180A6E}.Release|x86.Build.0 = Release|Win32
		{D175700A-5F47-4741-BF64-7CA0CFFB6069}.Debug|x64.ActiveCfg = Debug|x64
		{D175700A-5F47-4741-BF64-7CA0CFFB6069}.Debug|x64.Build.0 = Debug|x64
		{D175700A-5F47-4741-BF64-7CA0CFFB6069}.Debug|x86.ActiveCfg = Debug|Win32
		{D175700A-5F47-4741-BF64-7CA0CFFB6069}.Debug|x86.Build.0 = Debug|Win32
		{D175700A-5F47-4741-BF64-7CA0CFFB6069}.Release|x64.ActiveCfg = Release|x64
		{D175700A-5F47-4741-BF64-7CA0CFFB6069}.Release|x64.Build.0 = Release|x64
		{D175700A-5F47-4741-BF64-7CA0CFFB6069}.Release|x86.ActiveCfg = Release|Win32
		{D175700A-5F47-4741-BF64-7CA0CFFB6069}.Release|x86.Build.0 = Release|Win32
		{16A940C4-A080-4273-AC73-D472F225CFCD}.Debug|x64.ActiveCfg = Debug|x64
		{16A940C4-A080-4273-AC73-D472F225CFCD}.Debug|x64.Build.0 = Debug|x64
		{16A940C4-A080-4273-AC73-D472F225CFCD}.Debug|x86.ActiveCfg = Debug|Win32
		{16A940C4-A080-4273-AC73-D472F225CFCD}.Debug|x86.Build.0 = Debug|Win32
		{16A940C4-A080-4273-AC73-D472F225CFCD}.Release|x64.ActiveCfg = Release|x64
		{16A940C4-A080-4273-AC73-D472F225CFCD}.Release|x64.Build.0 = Release|x64
		{16A940C4-A080-4273-AC73-D472F225CFCD}.Release|x86.ActiveCfg = Release|Win32
		{16A940C4-A080-4273-AC73-D472F225CFCD}.Release|x86.Build.0 = Release|Win32
		{D52F2DA8-A408-4900-81D0-3BA23DF2CDB6}.Debug|x64.ActiveCfg = Debug|x64
		{D52F2DA8-A408-4900-81D0-3BA23DF2CDB6}.Debug|x64.Build.0 = Debug|x64
		{D52F2DA8-A408-4900-81D0-3BA23DF2CDB6}.Debug|x86.ActiveCfg = Debug|Win32
		{D52F2DA8-A408-4900-81D0-3BA23DF2CDB6}.Debug|x86.Build.0 = Debug|Win32
		{D52F2DA8-A408-4900-81D0-3BA23DF2CDB6}.Release|x64.ActiveCfg = Release|x64
		{D52F2DA8-A408-4900-81D0-3BA23DF2CDB6}.Release|x64.Build.0 = Release|x64
		{D52F2DA8-A408-4900-81D0-3BA23DF2CDB6}.Release|x86.ActiveCfg = Release|Win32
		{D52F2DA8-A408-4900-81D0-3BA23DF2CDB6}.Release|x86.Build.0 = Release|Win32
		{65C2A9CE-E9F6-483A-8A43-19B6F6DACEF5}.Debug|x64.ActiveCfg = Debug|x64
		{65C2A9CE-E9F6-483A-8A43-19B6F6DACEF5}.Debug|x64.Build.0 = Debug|x64
		{65C2A9CE-E9F6-483A-8A43-19B6F6DACEF5}.Debug|x86.ActiveCfg = Debug|Win32
		{65C2A9CE-E9F6-483A-8A43-19B6F6DACEF5}.Debug|x86.Build.0 = Debug|Win32
		{65C2A9CE-E9F6-483A-8A43-19B6F6DACEF5}.Release|x64.ActiveCfg = Release|x64
		{65C2A9CE-E9F6-483A-8A43-19B6F6DACEF5}.Release|x64.Build.0 = Release|x64
		{65C2A9CE-E9F6-483A-8A43-19B6F6DACEF5}.Release|x86.ActiveCfg = Release|Win32
		{65C2A9CE-E9F6-483A-8A43-19B6F6DACEF5}.Release|x86.Build.0 = Release|Win32
		{661576BA-CEFE-4CC1-88BE-E2C8EDD20857}.Debug|x64.ActiveCfg = Debug|x64
		{661576BA-CEFE-4CC1-88BE-E2C8EDD20857}.Debug|x64.Build.0 = Debug|x64
		{661576BA-CEFE-4CC1-88BE-E2C8EDD20857}.Debug|x86.ActiveCfg = Debug|Win32
		{661576BA-CEFE-4CC1-88BE-E2C8EDD20857}.Debug|x86.Build.0 = Debug|Win32
		{661576BA-CEFE-4CC1-88BE-E2C8EDD20857}.Release|x64.ActiveCfg = Release|x64
		{661576BA-CEFE-4CC1-88BE-E2C8EDD20857}.Release|x64.Build.0 = Release|x64
		{661576BA-CEFE-4CC1-88BE-E2C8EDD20857}.Release|x86.ActiveCfg = Release|Win32
		{661576BA-CEFE-4CC1-88BE-E2C8EDD20857}.Release|x86.Build.0 = Release|Win32
		{2981702E-0DCC-46FE-BBFD-3C96CBE77A62}.Debug|x64.ActiveCfg = Debug|x64
		{2981702E-0DCC-46FE-BBFD-3C96CBE77A62}.Debug|x64.Build.0 = Debug|x64
		{2981702E-0DCC-46FE-BBFD-3C96CBE77A62}.Debug|x86.ActiveCfg = Debug|Win32
		{2981702E-0DCC-46FE-BBFD-3C96CBE77A62}.Debug|x86.Build.0 = Debug|Win32
		{2981702E-0DCC-46FE-BBFD-3C96CBE77A62}.Release|x64.ActiveCfg = Release|x64
		{2981702E-0DCC-46FE-BBFD-3C96CBE77A62}.Release|x64.Build.0 = Release|x64
		{2981702E-0DCC-46FE-BBFD-3C96CBE77A62}.Release|x86.ActiveCfg = Release|Win32
		{2981702E-0DCC-46FE-BBFD-3C96CBE77A62}.Release|x86.Build.0 = Release|Win32
		{614C882E-3C3E-430C-BB5B-8D3D42A1E5A8}.Debug|x64.ActiveCfg = Debug|x64
		{614C882E-3C3E-430C-BB5B-8D3D42A1E5A8}.Debug|x64.Build.0 = Debug|x64
		{614C882E-3C3E-430C-BB5B-8D3D42A1E5A8}.Debug|x86.ActiveCfg = Debug|Win32
		{614C882E-3C3E-430C-BB5B-8D3D42A1E5A8}.Debug|x86.Build.0 = Debug|Win32
		{614C882E-3C3E-430C-BB5B-8D3D42A1E5A8}.Release|x64.ActiveCfg = Release|x64
		{614C882E-3C3E-430C-BB5B-8D3D42A1E5A8}.Release|x64.Build.0 = Release|x64
		{614C882E-3C3E-430C-BB5B-8D3D42A1E5A8}.Release|x86.ActiveCfg = Release|Win32
		{614C882E-3C3E-430C-BB5B-8D3D42A1E5A8}.Release|x86.Build.0 = Release|Win32
		{6FE186AB-D9EC-42C3-AF50-5958B08ED9F6}.Debug|x64.ActiveCfg = Debug|x64
		{6FE186AB-D9EC-42C3-AF50-5958B08ED9F6}.Debug|x64.Build.0 = Debug|x64
		{6FE186AB-D9EC-42C3-AF50-5958B08ED9F6}.Debug|x86.ActiveCfg = Debug|Win32
		{6FE186AB-D9EC-42C3-AF50-5958B08ED9F6}.Debug|x86.Build.0 = Debug|Win32
		{6FE186AB-D9EC-42C3-AF50-5958B08ED9F6}.Release|x64.ActiveCfg = Release|x64
		{6FE186AB-D9EC-42C3-AF50-5958B08ED9F6}.Release|x64.Build.0 = Release|x64
		{6FE186AB-D9EC-42C3-AF50-5958B08ED9F6}.Release|x86.ActiveCfg = Release|Win32
		{6FE186AB-D9EC-42C3-AF50-5958B08ED9F6}.Release|x86.Build.0 = Release|Win32
		{09C84488-546A-44C8-85A0-9BF15DE8F476}.Debug|x64.ActiveCfg = Debug|x64
		{09C84488-546A-44C8-85A0-9BF15DE8F476}.Debug|x64.Build.0 = Debug|x64
		{09C84488-546A-44C8-85A0-9BF15DE8F476}.Debug|x86.ActiveCfg = Debug|Win32
		{09C84488-546A-44C8-85A0-9BF15DE8F476}.Debug|x86.Build.0 = Debug|Win32
		{09C84488-546A-44C8-85A0-9BF15DE8F476}.Release|x64.ActiveCfg = Release|x64
		{09C84488-546A-44C8-85A0-9BF15DE8F476}.Release|x64.Build.0 = Release|x64
		{09C84488-546A-44C8-85A0-9BF15DE8F476}.Release|x86.ActiveCfg = Release|Win32
		{09C84488-546A-44C8-85A0-9BF15DE8F476}.Release|x86.Build.0 = Release|Win32
		{B649D504-E33B-491F-A28D-8451C6BE8CE5}.Debug|x64.ActiveCfg = Debug|x64
		{B649D504-E33B-491F-A28D-8451C6BE8CE5}.Debug|x64.Build.0 = Debug|x64
		{B649D504-E33B-491F-A28D-8451C6BE8CE5}.Debug|x86.ActiveCfg = Debug|Win32
		{B649D504-E33B-491F-A28D-8451C6BE8CE5}.Debug|x86.Build.0 = Debug|Win32
		{B649D504-E33B-491F-A28D-8451C6BE8CE5}.Release|x64.ActiveCfg = Release|x64
		{B649D504-E33B-491F-A28D-8451C6BE8CE5}.Release|x64.Build.0 = Release|x64
		{B649D504-E33B-491F-A28D-8451C6BE8CE5}.Release|x86.ActiveCfg = Release|Win32
		{B649D504-E33B-491F-A28D-8451C6BE8CE5}.Release|x86.Build.0 = Release|Win32
		{798FE02C-5012-4885-8E39-F7F49BC96FC9}.Debug|x64.ActiveCfg = Debug|x64
		{798FE02C-5012-4885-8E39-F7F49BC96FC9}.Debug|x64.Build.0 = Debug|x64
		{798FE02C-5012-4885-8E39-F7F49BC96FC9}.Debug|x86.ActiveCfg = Debug|Win32
		{798FE02C-5012-4885-8E39-F7F49BC96FC9}.Debug|x86.Build.0 = Debug|Win32
		{798FE02C-5012-4885-8E39-F7F49BC96FC9}.Release|x64.ActiveCfg = Release|x64
		{798FE02C-5012-4885-8E39-F7F49BC96FC9}.Release|x64.Build.0 = Release|x64
		{798FE02C-5012-4885-8E39-F7F49BC96FC9}.Release|x86.ActiveCfg = Release|Win32
		{798FE02C-5012-4885-8E39-F7F49BC96FC9}.Release|x86.Build.0 = Release|Win32
		{69AC2A3D-3E81-4FCA-80AF-FBF060A52885}.Debug|x64.ActiveCfg = Debug|x64
		{69AC2A3D-3E81-4FCA-80AF-FBF060A52885}.Debug|x64.Build.0 = Debug|x64
		{69AC2A3D-3E81-4FCA-80AF-FBF060A52885}.Debug|x86.ActiveCfg = Debug|Win32
		{69AC2A3D-3E81-4FCA-80AF-FBF060A52885}.Debug|x86.Build.0 = Debug|Win32
		{69AC2A3D-3E81-4FCA-80AF-FBF060A52885}.Release|x64.ActiveCfg = Release|x64
		{69AC2A3D-3E81-4FCA-80AF-FBF060A52885}.Release|x64.Build.0 = Release|x64
		{69AC2A3D-3E81-4FCA-80AF-FBF060A52885}.Release|x86.ActiveCfg = Release|Win32
		{69AC2A3D-3E81-4FCA-80AF-FBF060A52885}.Release|x86.Build.0 = Release|Win32
		{4BFBC8F1-CF0A-44AB-87E6-C78642BB5E7E}.Debug|x64.ActiveCfg = Debug|x64
		{4BFBC8F1-CF0A-44AB-87E6-C78642BB5E7E}.Debug|x64.Build.0 = Debug|x64
		{4BFBC8F1-CF0A-44AB-87E6-C78642BB5E7E}.Debug|x86.ActiveCfg = Debug|Win32
		{4BFBC8F1-CF0A-44AB-87E6-C78642BB5E7E}.Debug|x86.Build.0 = Debug|Win32
		{4BFBC8F1-CF0A-44AB-87E6-C78642BB5E7E}.Release|x64.ActiveCfg = Release|x64
		{4BFBC8F1-CF0A-44AB-87E6-C78642BB5E7E}.Release|x64.Build.0 = Release|x64
		{4BFBC8F1-CF0A-44AB-87E6-C78642BB5E7E}.Release|x86.ActiveCfg = Release|Win32
		{4BFBC8F1-CF0A-44AB-87E6-C78642BB5E7E}.Release|x86.Build.0 = Release|Win32
		{304E3A7E-D9DD-4A35-ABBD-CF37166EF779}.Debug|x64.ActiveCfg = Debug|x64
		{304E3A7E-D9DD-4A35-ABBD-CF37166EF779}.Debug|x64.Build.0 = Debug|x64
		{304E3A7E-D9DD-4A35-ABBD-CF37166EF779}.Debug|x86.ActiveCfg = Debug|Win32
		{304E3A7E-D9DD-4A35-ABBD-CF37166EF779}.Debug|x86.Build.0 = Debug|Win32
		{304E3A7E-D9DD-4A35-ABBD-CF37166EF779}.Release|x64.ActiveCfg = Release|x64
		{304E3A7E-D9DD-4A35-ABBD-CF37166EF779}.Release|x64.Build.0 = Release|x64
		{304E3A7E-D9DD-4A35-ABBD-CF37166EF779}.Release|x86.ActiveCfg = Release|Win32
		{304E3A7E-D9DD-4A35-ABBD-CF37166EF779}.Release|x86.Build.0 = Release|Win32
		{6D6708B4-0EE4-4DE0-9D84-6695C415BFBE}.Debug|x64.ActiveCfg = Debug|x64
		{6D6708B4-0EE4-4DE0-9D84-6695C415BFBE}.Debug|x64.Build.0 = Debug|x64
		{6D6708B4-0EE4-4DE0-9D84-6695C415BFBE}.Debug|x86.ActiveCfg = Debug|Win32
		{6D6708B4-0EE4-4DE0-9D84-6695C415BFBE}.Debug|x86.Build.0 = Debug|Win32
		{6D6708B4-0EE4-4DE0-9D84-6695C415BFBE}.Release|x64.ActiveCfg = Release|x64
		{6D6708B4-0EE4-4DE0-9D84-6695C415BFBE}.Release|x64.Build.0 = Release|x64
		{6D6708B4-0EE4-4DE0-9D84-6695C415BFBE}.Release|x86.ActiveCfg = Release|Win32
		{6D6708B4-0EE4-4DE0-9D84-6695C415BFBE}.Release|x86.Build.0 = Release|Win32
		{3154BF06-8C2A-4556-AEDA-B2E4E1101B16}.Debug|x64.ActiveCfg = Debug|x64
		{3154BF06-8C2A-4556-AEDA-B2E4E1101B16}.Debug|x64.Build.0 = Debug|x64
		{3154BF06-8C2A-4556-AEDA-B2E4E1101B16}.Debug|x86.ActiveCfg = Debug|Win32
		{3154BF06-8C2A-4556-AEDA-B2E4E1101B16}.Debug|x86.Build.0 = Debug|Win32
		{3154BF06-8C2A-4556-AEDA-B2E4E1101B16}.Release|x64.ActiveCfg = Release|x64
		{3154BF06-8C2A-4556-AEDA-B2E4E1101B16}.Release|x64.Build.0 = Release|x64
		{3154BF06-8C2A-4556-AEDA-B2E4E1101B16}.Release|x86.ActiveCfg = Release|Win32
		{3154BF06-8C2A-4556-AEDA-B2E4E1101B16}.Release|x86.Build.0 = Release|Win32
	EndGlobalSection
	GlobalSection(SolutionProperties) = preSolution
		HideSolutionNode = FALSE
	EndGlobalSection
	GlobalSection(ExtensibilityGlobals) = postSolution
		SolutionGuid = {D5B31EEC-DD96-49DC-BAD8-87A33DEA8332}
	EndGlobalSection
EndGlobal
